
Microsoft Visual Studio Solution File, Format Version 12.00
# Visual Studio Version 17
VisualStudioVersion = 17.13.35806.99 d17.13
MinimumVisualStudioVersion = 10.0.40219.1
Project("{FAE04EC0-301F-11D3-BF4B-00C04F79EFBC}") = "Tp2-FundamentosDeC#", "Tp2-FundamentosDeC#\Tp2-FundamentosDeC#.csproj", "{3EABDC89-C4F5-489B-8E41-480CF9606ECF}"
EndProject
Global
	GlobalSection(SolutionConfigurationPlatforms) = preSolution
		Debug|Any CPU = Debug|Any CPU
		Release|Any CPU = Release|Any CPU
	EndGlobalSection
	GlobalSection(ProjectConfigurationPlatforms) = postSolution
		{3EABDC89-C4F5-489B-8E41-480CF9606ECF}.Debug|Any CPU.ActiveCfg = Debug|Any CPU
		{3EABDC89-C4F5-489B-8E41-480CF9606ECF}.Debug|Any CPU.Build.0 = Debug|Any CPU
		{3EABDC89-C4F5-489B-8E41-480CF9606ECF}.Release|Any CPU.ActiveCfg = Release|Any CPU
		{3EABDC89-C4F5-489B-8E41-480CF9606ECF}.Release|Any CPU.Build.0 = Release|Any CPU
	EndGlobalSection
	GlobalSection(SolutionProperties) = preSolution
		HideSolutionNode = FALSE
	EndGlobalSection
	GlobalSection(ExtensibilityGlobals) = postSolution
		SolutionGuid = {DEFB17AF-FAB2-46BD-8CBF-6221EE11F39E}
	EndGlobalSection
EndGlobal
